
Microsoft Visual Studio Solution File, Format Version 12.00
# Visual Studio Version 17
VisualStudioVersion = 17.0.31808.319
MinimumVisualStudioVersion = 10.0.40219.1
Project("{FAE04EC0-301F-11D3-BF4B-00C04F79EFBC}") = "performans_odevi", "performans_odevi\performans_odevi.csproj", "{273A725A-87D1-40D3-B2A4-268AF002F8CF}"
EndProject
Global
	GlobalSection(SolutionConfigurationPlatforms) = preSolution
		Debug|Any CPU = Debug|Any CPU
		Release|Any CPU = Release|Any CPU
	EndGlobalSection
	GlobalSection(ProjectConfigurationPlatforms) = postSolution
		{273A725A-87D1-40D3-B2A4-268AF002F8CF}.Debug|Any CPU.ActiveCfg = Debug|Any CPU
		{273A725A-87D1-40D3-B2A4-268AF002F8CF}.Debug|Any CPU.Build.0 = Debug|Any CPU
		{273A725A-87D1-40D3-B2A4-268AF002F8CF}.Release|Any CPU.ActiveCfg = Release|Any CPU
		{273A725A-87D1-40D3-B2A4-268AF002F8CF}.Release|Any CPU.Build.0 = Release|Any CPU
	EndGlobalSection
	GlobalSection(SolutionProperties) = preSolution
		HideSolutionNode = FALSE
	EndGlobalSection
	GlobalSection(ExtensibilityGlobals) = postSolution
		SolutionGuid = {6CF3A0A2-7C7D-4FDD-94B6-5B4DDC47C787}
	EndGlobalSection
EndGlobal
